
Microsoft Visual Studio Solution File, Format Version 12.00
# Visual Studio Version 17
VisualStudioVersion = 17.0.31919.166
MinimumVisualStudioVersion = 10.0.40219.1
Project("{FAE04EC0-301F-11D3-BF4B-00C04F79EFBC}") = "GitHub", "GitHub\GitHub.csproj", "{A58D1590-B982-4343-8633-A91901B70637}"
EndProject
Global
	GlobalSection(SolutionConfigurationPlatforms) = preSolution
		Debug|Any CPU = Debug|Any CPU
		Release|Any CPU = Release|Any CPU
	EndGlobalSection
	GlobalSection(ProjectConfigurationPlatforms) = postSolution
		{A58D1590-B982-4343-8633-A91901B70637}.Debug|Any CPU.ActiveCfg = Debug|Any CPU
		{A58D1590-B982-4343-8633-A91901B70637}.Debug|Any CPU.Build.0 = Debug|Any CPU
		{A58D1590-B982-4343-8633-A91901B70637}.Release|Any CPU.ActiveCfg = Release|Any CPU
		{A58D1590-B982-4343-8633-A91901B70637}.Release|Any CPU.Build.0 = Release|Any CPU
	EndGlobalSection
	GlobalSection(SolutionProperties) = preSolution
		HideSolutionNode = FALSE
	EndGlobalSection
	GlobalSection(ExtensibilityGlobals) = postSolution
		SolutionGuid = {D0E3CD64-2569-4335-9F93-40008507083F}
	EndGlobalSection
EndGlobal
